
Microsoft Visual Studio Solution File, Format Version 12.00
# Visual Studio Version 17
VisualStudioVersion = 17.10.35013.160
MinimumVisualStudioVersion = 10.0.40219.1
Project("{FAE04EC0-301F-11D3-BF4B-00C04F79EFBC}") = "Lumin", "Lumin\Lumin.csproj", "{CE883697-4940-4ABD-A8C9-3EAC4CDA4A02}"
EndProject
Global
	GlobalSection(SolutionConfigurationPlatforms) = preSolution
		Debug|Any CPU = Debug|Any CPU
		Release|Any CPU = Release|Any CPU
	EndGlobalSection
	GlobalSection(ProjectConfigurationPlatforms) = postSolution
		{CE883697-4940-4ABD-A8C9-3EAC4CDA4A02}.Debug|Any CPU.ActiveCfg = Debug|Any CPU
		{CE883697-4940-4ABD-A8C9-3EAC4CDA4A02}.Debug|Any CPU.Build.0 = Debug|Any CPU
		{CE883697-4940-4ABD-A8C9-3EAC4CDA4A02}.Release|Any CPU.ActiveCfg = Release|Any CPU
		{CE883697-4940-4ABD-A8C9-3EAC4CDA4A02}.Release|Any CPU.Build.0 = Release|Any CPU
	EndGlobalSection
	GlobalSection(SolutionProperties) = preSolution
		HideSolutionNode = FALSE
	EndGlobalSection
	GlobalSection(ExtensibilityGlobals) = postSolution
		SolutionGuid = {70FCC0C4-06EE-47B9-8DD9-3C09593040A8}
	EndGlobalSection
EndGlobal
